{
  "object": {
    "pins": [
      {
        "package": "Contentful",
        "repositoryURL": "https://gitee.com/doubleZ0108/contentful.swift",
        "state": {
          "branch": null,
          "revision": "7017c7c8da6f035a9e8c60c85158d5b7808b79da",
          "version": "5.0.7"
        }
      },
      {
        "package": "Lottie",
        "repositoryURL": "https://gitee.com/tonghs/lottie-ios",
        "state": {
          "branch": null,
          "revision": "b3c60ba1716baab6faeeb217d8ce1da336f92718",
          "version": "3.2.1"
        }
      },
      {
        "package": "URLImage",
        "repositoryURL": "https://gitee.com/tonghs/url-image",
        "state": {
          "branch": null,
          "revision": "c1a906515b0a440927b96204b778058871b22f23",
          "version": "2.2.3"
        }
      }
    ]
  },
  "version": 1
}
