// !$*UTF8*$!
{
	archiveVersion = 1;
	classes = {
	};
	objectVersion = 52;
	objects = {

/* Begin PBXBuildFile section */
		0F2058F8C5F85CFFB8277830 /* Pods_DesignCode3rd.framework in Frameworks */ = {isa = PBXBuildFile; fileRef = 876BF7F5E8524F1221912400 /* Pods_DesignCode3rd.framework */; };
		B1423D7F2606F94E000C4E73 /* WorkSans-VariableFont_wght.ttf in Resources */ = {isa = PBXBuildFile; fileRef = B1423D682606F94E000C4E73 /* WorkSans-VariableFont_wght.ttf */; };
		B1423D802606F94E000C4E73 /* WorkSans-Regular.ttf in Resources */ = {isa = PBXBuildFile; fileRef = B1423D6A2606F94E000C4E73 /* WorkSans-Regular.ttf */; };
		B1423D812606F94E000C4E73 /* WorkSans-Light.ttf in Resources */ = {isa = PBXBuildFile; fileRef = B1423D6B2606F94E000C4E73 /* WorkSans-Light.ttf */; };
		B1423D822606F94E000C4E73 /* WorkSans-ExtraBold.ttf in Resources */ = {isa = PBXBuildFile; fileRef = B1423D6C2606F94E000C4E73 /* WorkSans-ExtraBold.ttf */; };
		B1423D832606F94E000C4E73 /* WorkSans-SemiBoldItalic.ttf in Resources */ = {isa = PBXBuildFile; fileRef = B1423D6D2606F94E000C4E73 /* WorkSans-SemiBoldItalic.ttf */; };
		B1423D842606F94E000C4E73 /* WorkSans-MediumItalic.ttf in Resources */ = {isa = PBXBuildFile; fileRef = B1423D6E2606F94E000C4E73 /* WorkSans-MediumItalic.ttf */; };
		B1423D852606F94E000C4E73 /* WorkSans-BoldItalic.ttf in Resources */ = {isa = PBXBuildFile; fileRef = B1423D6F2606F94E000C4E73 /* WorkSans-BoldItalic.ttf */; };
		B1423D862606F94E000C4E73 /* WorkSans-ExtraLight.ttf in Resources */ = {isa = PBXBuildFile; fileRef = B1423D702606F94E000C4E73 /* WorkSans-ExtraLight.ttf */; };
		B1423D872606F94E000C4E73 /* WorkSans-ThinItalic.ttf in Resources */ = {isa = PBXBuildFile; fileRef = B1423D712606F94E000C4E73 /* WorkSans-ThinItalic.ttf */; };
		B1423D882606F94E000C4E73 /* WorkSans-ExtraLightItalic.ttf in Resources */ = {isa = PBXBuildFile; fileRef = B1423D722606F94E000C4E73 /* WorkSans-ExtraLightItalic.ttf */; };
		B1423D892606F94E000C4E73 /* WorkSans-Medium.ttf in Resources */ = {isa = PBXBuildFile; fileRef = B1423D732606F94E000C4E73 /* WorkSans-Medium.ttf */; };
		B1423D8A2606F94E000C4E73 /* WorkSans-SemiBold.ttf in Resources */ = {isa = PBXBuildFile; fileRef = B1423D742606F94E000C4E73 /* WorkSans-SemiBold.ttf */; };
		B1423D8B2606F94E000C4E73 /* WorkSans-Italic.ttf in Resources */ = {isa = PBXBuildFile; fileRef = B1423D752606F94E000C4E73 /* WorkSans-Italic.ttf */; };
		B1423D8C2606F94E000C4E73 /* WorkSans-BlackItalic.ttf in Resources */ = {isa = PBXBuildFile; fileRef = B1423D762606F94E000C4E73 /* WorkSans-BlackItalic.ttf */; };
		B1423D8D2606F94E000C4E73 /* WorkSans-Thin.ttf in Resources */ = {isa = PBXBuildFile; fileRef = B1423D772606F94E000C4E73 /* WorkSans-Thin.ttf */; };
		B1423D8E2606F94E000C4E73 /* WorkSans-Black.ttf in Resources */ = {isa = PBXBuildFile; fileRef = B1423D782606F94E000C4E73 /* WorkSans-Black.ttf */; };
		B1423D8F2606F94E000C4E73 /* WorkSans-LightItalic.ttf in Resources */ = {isa = PBXBuildFile; fileRef = B1423D792606F94E000C4E73 /* WorkSans-LightItalic.ttf */; };
		B1423D902606F94E000C4E73 /* WorkSans-ExtraBoldItalic.ttf in Resources */ = {isa = PBXBuildFile; fileRef = B1423D7A2606F94E000C4E73 /* WorkSans-ExtraBoldItalic.ttf */; };
		B1423D912606F94E000C4E73 /* WorkSans-Bold.ttf in Resources */ = {isa = PBXBuildFile; fileRef = B1423D7B2606F94E000C4E73 /* WorkSans-Bold.ttf */; };
		B1423D922606F94E000C4E73 /* WorkSans-Italic-VariableFont_wght.ttf in Resources */ = {isa = PBXBuildFile; fileRef = B1423D7C2606F94E000C4E73 /* WorkSans-Italic-VariableFont_wght.ttf */; };
		B1423D932606F94E000C4E73 /* OFL.txt in Resources */ = {isa = PBXBuildFile; fileRef = B1423D7D2606F94E000C4E73 /* OFL.txt */; };
		B1423D942606F94E000C4E73 /* README.txt in Resources */ = {isa = PBXBuildFile; fileRef = B1423D7E2606F94E000C4E73 /* README.txt */; };
		B1423D97260711A4000C4E73 /* CourseList.swift in Sources */ = {isa = PBXBuildFile; fileRef = B1423D96260711A4000C4E73 /* CourseList.swift */; };
		B188F7CA2607337F00B46FDA /* CourseDetail.swift in Sources */ = {isa = PBXBuildFile; fileRef = B188F7C92607337F00B46FDA /* CourseDetail.swift */; };
		B188F7CD26073AF900B46FDA /* Data.swift in Sources */ = {isa = PBXBuildFile; fileRef = B188F7CC26073AF900B46FDA /* Data.swift */; };
		B188F7D026073CD700B46FDA /* PostList.swift in Sources */ = {isa = PBXBuildFile; fileRef = B188F7CF26073CD700B46FDA /* PostList.swift */; };
		B188F7D32607439C00B46FDA /* DataStore.swift in Sources */ = {isa = PBXBuildFile; fileRef = B188F7D22607439C00B46FDA /* DataStore.swift */; };
		B1B8248A260752D00020275C /* Contentful in Frameworks */ = {isa = PBXBuildFile; productRef = B1B82489260752D00020275C /* Contentful */; };
		B1B8249426075B770020275C /* CourseStore.swift in Sources */ = {isa = PBXBuildFile; fileRef = B1B8249326075B770020275C /* CourseStore.swift */; };
		B1B824A6260767930020275C /* URLImage in Frameworks */ = {isa = PBXBuildFile; productRef = B1B824A5260767930020275C /* URLImage */; };
		B1B824AB260770A80020275C /* BlurView.swift in Sources */ = {isa = PBXBuildFile; fileRef = B1B824AA260770A80020275C /* BlurView.swift */; };
		B1B824AF2608C45E0020275C /* Buttons.swift in Sources */ = {isa = PBXBuildFile; fileRef = B1B824AE2608C45E0020275C /* Buttons.swift */; };
		B1B824B22608DE970020275C /* LoginView.swift in Sources */ = {isa = PBXBuildFile; fileRef = B1B824B12608DE970020275C /* LoginView.swift */; };
		B1B824BE2608F0E90020275C /* loading.json in Resources */ = {isa = PBXBuildFile; fileRef = B1B824BC2608F0E90020275C /* loading.json */; };
		B1B824BF2608F0E90020275C /* success.json in Resources */ = {isa = PBXBuildFile; fileRef = B1B824BD2608F0E90020275C /* success.json */; };
		B1B824C32608F1870020275C /* Lottie in Frameworks */ = {isa = PBXBuildFile; productRef = B1B824C22608F1870020275C /* Lottie */; };
		B1B824C62608F1E60020275C /* LottieView.swift in Sources */ = {isa = PBXBuildFile; fileRef = B1B824C52608F1E60020275C /* LottieView.swift */; };
		B1B824C92608F3800020275C /* LoadingView.swift in Sources */ = {isa = PBXBuildFile; fileRef = B1B824C82608F3800020275C /* LoadingView.swift */; };
		B1B824CC2608F5320020275C /* SuccessView.swift in Sources */ = {isa = PBXBuildFile; fileRef = B1B824CB2608F5310020275C /* SuccessView.swift */; };
		B1B824CF260A1BDF0020275C /* GoogleService-Info.plist in Resources */ = {isa = PBXBuildFile; fileRef = B1B824CE260A1BDE0020275C /* GoogleService-Info.plist */; };
		B1F0E521260615FF007BD93D /* DesignCode3rdApp.swift in Sources */ = {isa = PBXBuildFile; fileRef = B1F0E520260615FF007BD93D /* DesignCode3rdApp.swift */; };
		B1F0E523260615FF007BD93D /* ContentView.swift in Sources */ = {isa = PBXBuildFile; fileRef = B1F0E522260615FF007BD93D /* ContentView.swift */; };
		B1F0E52526061600007BD93D /* Assets.xcassets in Resources */ = {isa = PBXBuildFile; fileRef = B1F0E52426061600007BD93D /* Assets.xcassets */; };
		B1F0E52826061600007BD93D /* Preview Assets.xcassets in Resources */ = {isa = PBXBuildFile; fileRef = B1F0E52726061600007BD93D /* Preview Assets.xcassets */; };
		B1F0E531260637E7007BD93D /* MenuView.swift in Sources */ = {isa = PBXBuildFile; fileRef = B1F0E530260637E7007BD93D /* MenuView.swift */; };
		B1F0E53426063FE5007BD93D /* Home.swift in Sources */ = {isa = PBXBuildFile; fileRef = B1F0E53326063FE5007BD93D /* Home.swift */; };
		B1F0E5372606468A007BD93D /* HomeView.swift in Sources */ = {isa = PBXBuildFile; fileRef = B1F0E5362606468A007BD93D /* HomeView.swift */; };
		B1F0E53A260653E2007BD93D /* UpdateList.swift in Sources */ = {isa = PBXBuildFile; fileRef = B1F0E539260653E2007BD93D /* UpdateList.swift */; };
		B1F0E53D260657C8007BD93D /* UpdateDetail.swift in Sources */ = {isa = PBXBuildFile; fileRef = B1F0E53C260657C8007BD93D /* UpdateDetail.swift */; };
		B1F0E54026065B8F007BD93D /* UpdateStore.swift in Sources */ = {isa = PBXBuildFile; fileRef = B1F0E53F26065B8F007BD93D /* UpdateStore.swift */; };
		B1F0E54326065F91007BD93D /* TabBar.swift in Sources */ = {isa = PBXBuildFile; fileRef = B1F0E54226065F91007BD93D /* TabBar.swift */; };
		B1F0E546260662F9007BD93D /* RingView.swift in Sources */ = {isa = PBXBuildFile; fileRef = B1F0E545260662F9007BD93D /* RingView.swift */; };
		B1F0E54A2606F54A007BD93D /* Modifiers.swift in Sources */ = {isa = PBXBuildFile; fileRef = B1F0E5492606F54A007BD93D /* Modifiers.swift */; };
/* End PBXBuildFile section */

/* Begin PBXFileReference section */
		5C6F4F414D4EAEC929101996 /* Pods-DesignCode3rd.debug.xcconfig */ = {isa = PBXFileReference; includeInIndex = 1; lastKnownFileType = text.xcconfig; name = "Pods-DesignCode3rd.debug.xcconfig"; path = "Target Support Files/Pods-DesignCode3rd/Pods-DesignCode3rd.debug.xcconfig"; sourceTree = "<group>"; };
		876BF7F5E8524F1221912400 /* Pods_DesignCode3rd.framework */ = {isa = PBXFileReference; explicitFileType = wrapper.framework; includeInIndex = 0; path = Pods_DesignCode3rd.framework; sourceTree = BUILT_PRODUCTS_DIR; };
		AB5AB9628240FB6F610B579E /* Pods-DesignCode3rd.release.xcconfig */ = {isa = PBXFileReference; includeInIndex = 1; lastKnownFileType = text.xcconfig; name = "Pods-DesignCode3rd.release.xcconfig"; path = "Target Support Files/Pods-DesignCode3rd/Pods-DesignCode3rd.release.xcconfig"; sourceTree = "<group>"; };
		B1423D682606F94E000C4E73 /* WorkSans-VariableFont_wght.ttf */ = {isa = PBXFileReference; lastKnownFileType = file; path = "WorkSans-VariableFont_wght.ttf"; sourceTree = "<group>"; };
		B1423D6A2606F94E000C4E73 /* WorkSans-Regular.ttf */ = {isa = PBXFileReference; lastKnownFileType = file; path = "WorkSans-Regular.ttf"; sourceTree = "<group>"; };
		B1423D6B2606F94E000C4E73 /* WorkSans-Light.ttf */ = {isa = PBXFileReference; lastKnownFileType = file; path = "WorkSans-Light.ttf"; sourceTree = "<group>"; };
		B1423D6C2606F94E000C4E73 /* WorkSans-ExtraBold.ttf */ = {isa = PBXFileReference; lastKnownFileType = file; path = "WorkSans-ExtraBold.ttf"; sourceTree = "<group>"; };
		B1423D6D2606F94E000C4E73 /* WorkSans-SemiBoldItalic.ttf */ = {isa = PBXFileReference; lastKnownFileType = file; path = "WorkSans-SemiBoldItalic.ttf"; sourceTree = "<group>"; };
		B1423D6E2606F94E000C4E73 /* WorkSans-MediumItalic.ttf */ = {isa = PBXFileReference; lastKnownFileType = file; path = "WorkSans-MediumItalic.ttf"; sourceTree = "<group>"; };
		B1423D6F2606F94E000C4E73 /* WorkSans-BoldItalic.ttf */ = {isa = PBXFileReference; lastKnownFileType = file; path = "WorkSans-BoldItalic.ttf"; sourceTree = "<group>"; };
		B1423D702606F94E000C4E73 /* WorkSans-ExtraLight.ttf */ = {isa = PBXFileReference; lastKnownFileType = file; path = "WorkSans-ExtraLight.ttf"; sourceTree = "<group>"; };
		B1423D712606F94E000C4E73 /* WorkSans-ThinItalic.ttf */ = {isa = PBXFileReference; lastKnownFileType = file; path = "WorkSans-ThinItalic.ttf"; sourceTree = "<group>"; };
		B1423D722606F94E000C4E73 /* WorkSans-ExtraLightItalic.ttf */ = {isa = PBXFileReference; lastKnownFileType = file; path = "WorkSans-ExtraLightItalic.ttf"; sourceTree = "<group>"; };
		B1423D732606F94E000C4E73 /* WorkSans-Medium.ttf */ = {isa = PBXFileReference; lastKnownFileType = file; path = "WorkSans-Medium.ttf"; sourceTree = "<group>"; };
		B1423D742606F94E000C4E73 /* WorkSans-SemiBold.ttf */ = {isa = PBXFileReference; lastKnownFileType = file; path = "WorkSans-SemiBold.ttf"; sourceTree = "<group>"; };
		B1423D752606F94E000C4E73 /* WorkSans-Italic.ttf */ = {isa = PBXFileReference; lastKnownFileType = file; path = "WorkSans-Italic.ttf"; sourceTree = "<group>"; };
		B1423D762606F94E000C4E73 /* WorkSans-BlackItalic.ttf */ = {isa = PBXFileReference; lastKnownFileType = file; path = "WorkSans-BlackItalic.ttf"; sourceTree = "<group>"; };
		B1423D772606F94E000C4E73 /* WorkSans-Thin.ttf */ = {isa = PBXFileReference; lastKnownFileType = file; path = "WorkSans-Thin.ttf"; sourceTree = "<group>"; };
		B1423D782606F94E000C4E73 /* WorkSans-Black.ttf */ = {isa = PBXFileReference; lastKnownFileType = file; path = "WorkSans-Black.ttf"; sourceTree = "<group>"; };
		B1423D792606F94E000C4E73 /* WorkSans-LightItalic.ttf */ = {isa = PBXFileReference; lastKnownFileType = file; path = "WorkSans-LightItalic.ttf"; sourceTree = "<group>"; };
		B1423D7A2606F94E000C4E73 /* WorkSans-ExtraBoldItalic.ttf */ = {isa = PBXFileReference; lastKnownFileType = file; path = "WorkSans-ExtraBoldItalic.ttf"; sourceTree = "<group>"; };
		B1423D7B2606F94E000C4E73 /* WorkSans-Bold.ttf */ = {isa = PBXFileReference; lastKnownFileType = file; path = "WorkSans-Bold.ttf"; sourceTree = "<group>"; };
		B1423D7C2606F94E000C4E73 /* WorkSans-Italic-VariableFont_wght.ttf */ = {isa = PBXFileReference; lastKnownFileType = file; path = "WorkSans-Italic-VariableFont_wght.ttf"; sourceTree = "<group>"; };
		B1423D7D2606F94E000C4E73 /* OFL.txt */ = {isa = PBXFileReference; fileEncoding = 4; lastKnownFileType = text; path = OFL.txt; sourceTree = "<group>"; };
		B1423D7E2606F94E000C4E73 /* README.txt */ = {isa = PBXFileReference; fileEncoding = 4; lastKnownFileType = text; path = README.txt; sourceTree = "<group>"; };
		B1423D96260711A4000C4E73 /* CourseList.swift */ = {isa = PBXFileReference; lastKnownFileType = sourcecode.swift; path = CourseList.swift; sourceTree = "<group>"; };
		B188F7C92607337F00B46FDA /* CourseDetail.swift */ = {isa = PBXFileReference; lastKnownFileType = sourcecode.swift; path = CourseDetail.swift; sourceTree = "<group>"; };
		B188F7CC26073AF900B46FDA /* Data.swift */ = {isa = PBXFileReference; lastKnownFileType = sourcecode.swift; path = Data.swift; sourceTree = "<group>"; };
		B188F7CF26073CD700B46FDA /* PostList.swift */ = {isa = PBXFileReference; lastKnownFileType = sourcecode.swift; path = PostList.swift; sourceTree = "<group>"; };
		B188F7D22607439C00B46FDA /* DataStore.swift */ = {isa = PBXFileReference; lastKnownFileType = sourcecode.swift; path = DataStore.swift; sourceTree = "<group>"; };
		B1B8249326075B770020275C /* CourseStore.swift */ = {isa = PBXFileReference; lastKnownFileType = sourcecode.swift; path = CourseStore.swift; sourceTree = "<group>"; };
		B1B824AA260770A80020275C /* BlurView.swift */ = {isa = PBXFileReference; lastKnownFileType = sourcecode.swift; path = BlurView.swift; sourceTree = "<group>"; };
		B1B824AE2608C45E0020275C /* Buttons.swift */ = {isa = PBXFileReference; lastKnownFileType = sourcecode.swift; path = Buttons.swift; sourceTree = "<group>"; };
		B1B824B12608DE970020275C /* LoginView.swift */ = {isa = PBXFileReference; lastKnownFileType = sourcecode.swift; path = LoginView.swift; sourceTree = "<group>"; };
		B1B824BC2608F0E90020275C /* loading.json */ = {isa = PBXFileReference; fileEncoding = 4; lastKnownFileType = text.json; path = loading.json; sourceTree = "<group>"; };
		B1B824BD2608F0E90020275C /* success.json */ = {isa = PBXFileReference; fileEncoding = 4; lastKnownFileType = text.json; path = success.json; sourceTree = "<group>"; };
		B1B824C52608F1E60020275C /* LottieView.swift */ = {isa = PBXFileReference; lastKnownFileType = sourcecode.swift; path = LottieView.swift; sourceTree = "<group>"; };
		B1B824C82608F3800020275C /* LoadingView.swift */ = {isa = PBXFileReference; lastKnownFileType = sourcecode.swift; path = LoadingView.swift; sourceTree = "<group>"; };
		B1B824CB2608F5310020275C /* SuccessView.swift */ = {isa = PBXFileReference; lastKnownFileType = sourcecode.swift; path = SuccessView.swift; sourceTree = "<group>"; };
		B1B824CE260A1BDE0020275C /* GoogleService-Info.plist */ = {isa = PBXFileReference; fileEncoding = 4; lastKnownFileType = text.plist.xml; path = "GoogleService-Info.plist"; sourceTree = "<group>"; };
		B1F0E51D260615FF007BD93D /* DesignCode3rd.app */ = {isa = PBXFileReference; explicitFileType = wrapper.application; includeInIndex = 0; path = DesignCode3rd.app; sourceTree = BUILT_PRODUCTS_DIR; };
		B1F0E520260615FF007BD93D /* DesignCode3rdApp.swift */ = {isa = PBXFileReference; lastKnownFileType = sourcecode.swift; path = DesignCode3rdApp.swift; sourceTree = "<group>"; };
		B1F0E522260615FF007BD93D /* ContentView.swift */ = {isa = PBXFileReference; lastKnownFileType = sourcecode.swift; path = ContentView.swift; sourceTree = "<group>"; };
		B1F0E52426061600007BD93D /* Assets.xcassets */ = {isa = PBXFileReference; lastKnownFileType = folder.assetcatalog; path = Assets.xcassets; sourceTree = "<group>"; };
		B1F0E52726061600007BD93D /* Preview Assets.xcassets */ = {isa = PBXFileReference; lastKnownFileType = folder.assetcatalog; path = "Preview Assets.xcassets"; sourceTree = "<group>"; };
		B1F0E52926061600007BD93D /* Info.plist */ = {isa = PBXFileReference; lastKnownFileType = text.plist.xml; path = Info.plist; sourceTree = "<group>"; };
		B1F0E530260637E7007BD93D /* MenuView.swift */ = {isa = PBXFileReference; lastKnownFileType = sourcecode.swift; path = MenuView.swift; sourceTree = "<group>"; };
		B1F0E53326063FE5007BD93D /* Home.swift */ = {isa = PBXFileReference; lastKnownFileType = sourcecode.swift; path = Home.swift; sourceTree = "<group>"; };
		B1F0E5362606468A007BD93D /* HomeView.swift */ = {isa = PBXFileReference; lastKnownFileType = sourcecode.swift; path = HomeView.swift; sourceTree = "<group>"; };
		B1F0E539260653E2007BD93D /* UpdateList.swift */ = {isa = PBXFileReference; lastKnownFileType = sourcecode.swift; path = UpdateList.swift; sourceTree = "<group>"; };
		B1F0E53C260657C8007BD93D /* UpdateDetail.swift */ = {isa = PBXFileReference; lastKnownFileType = sourcecode.swift; path = UpdateDetail.swift; sourceTree = "<group>"; };
		B1F0E53F26065B8F007BD93D /* UpdateStore.swift */ = {isa = PBXFileReference; lastKnownFileType = sourcecode.swift; path = UpdateStore.swift; sourceTree = "<group>"; };
		B1F0E54226065F91007BD93D /* TabBar.swift */ = {isa = PBXFileReference; lastKnownFileType = sourcecode.swift; path = TabBar.swift; sourceTree = "<group>"; };
		B1F0E545260662F9007BD93D /* RingView.swift */ = {isa = PBXFileReference; lastKnownFileType = sourcecode.swift; path = RingView.swift; sourceTree = "<group>"; };
		B1F0E5492606F54A007BD93D /* Modifiers.swift */ = {isa = PBXFileReference; lastKnownFileType = sourcecode.swift; path = Modifiers.swift; sourceTree = "<group>"; };
/* End PBXFileReference section */

/* Begin PBXFrameworksBuildPhase section */
		B1F0E51A260615FF007BD93D /* Frameworks */ = {
			isa = PBXFrameworksBuildPhase;
			buildActionMask = 2147483647;
			files = (
				B1B824A6260767930020275C /* URLImage in Frameworks */,
				B1B8248A260752D00020275C /* Contentful in Frameworks */,
				B1B824C32608F1870020275C /* Lottie in Frameworks */,
				0F2058F8C5F85CFFB8277830 /* Pods_DesignCode3rd.framework in Frameworks */,
			);
			runOnlyForDeploymentPostprocessing = 0;
		};
/* End PBXFrameworksBuildPhase section */

/* Begin PBXGroup section */
		A4D94B5B524EB1BBB8DCFEFD /* Frameworks */ = {
			isa = PBXGroup;
			children = (
				876BF7F5E8524F1221912400 /* Pods_DesignCode3rd.framework */,
			);
			name = Frameworks;
			sourceTree = "<group>";
		};
		B1423D672606F94E000C4E73 /* Work_Sans */ = {
			isa = PBXGroup;
			children = (
				B1423D682606F94E000C4E73 /* WorkSans-VariableFont_wght.ttf */,
				B1423D692606F94E000C4E73 /* static */,
				B1423D7C2606F94E000C4E73 /* WorkSans-Italic-VariableFont_wght.ttf */,
				B1423D7D2606F94E000C4E73 /* OFL.txt */,
				B1423D7E2606F94E000C4E73 /* README.txt */,
			);
			path = Work_Sans;
			sourceTree = "<group>";
		};
		B1423D692606F94E000C4E73 /* static */ = {
			isa = PBXGroup;
			children = (
				B1423D6A2606F94E000C4E73 /* WorkSans-Regular.ttf */,
				B1423D6B2606F94E000C4E73 /* WorkSans-Light.ttf */,
				B1423D6C2606F94E000C4E73 /* WorkSans-ExtraBold.ttf */,
				B1423D6D2606F94E000C4E73 /* WorkSans-SemiBoldItalic.ttf */,
				B1423D6E2606F94E000C4E73 /* WorkSans-MediumItalic.ttf */,
				B1423D6F2606F94E000C4E73 /* WorkSans-BoldItalic.ttf */,
				B1423D702606F94E000C4E73 /* WorkSans-ExtraLight.ttf */,
				B1423D712606F94E000C4E73 /* WorkSans-ThinItalic.ttf */,
				B1423D722606F94E000C4E73 /* WorkSans-ExtraLightItalic.ttf */,
				B1423D732606F94E000C4E73 /* WorkSans-Medium.ttf */,
				B1423D742606F94E000C4E73 /* WorkSans-SemiBold.ttf */,
				B1423D752606F94E000C4E73 /* WorkSans-Italic.ttf */,
				B1423D762606F94E000C4E73 /* WorkSans-BlackItalic.ttf */,
				B1423D772606F94E000C4E73 /* WorkSans-Thin.ttf */,
				B1423D782606F94E000C4E73 /* WorkSans-Black.ttf */,
				B1423D792606F94E000C4E73 /* WorkSans-LightItalic.ttf */,
				B1423D7A2606F94E000C4E73 /* WorkSans-ExtraBoldItalic.ttf */,
				B1423D7B2606F94E000C4E73 /* WorkSans-Bold.ttf */,
			);
			path = static;
			sourceTree = "<group>";
		};
		B1B824BB2608F0E90020275C /* Lottie */ = {
			isa = PBXGroup;
			children = (
				B1B824BC2608F0E90020275C /* loading.json */,
				B1B824BD2608F0E90020275C /* success.json */,
			);
			path = Lottie;
			sourceTree = "<group>";
		};
		B1F0E514260615FF007BD93D = {
			isa = PBXGroup;
			children = (
				B1F0E51F260615FF007BD93D /* DesignCode3rd */,
				B1F0E51E260615FF007BD93D /* Products */,
				CF34A0FA452F895C3F090E0F /* Pods */,
				A4D94B5B524EB1BBB8DCFEFD /* Frameworks */,
			);
			sourceTree = "<group>";
		};
		B1F0E51E260615FF007BD93D /* Products */ = {
			isa = PBXGroup;
			children = (
				B1F0E51D260615FF007BD93D /* DesignCode3rd.app */,
			);
			name = Products;
			sourceTree = "<group>";
		};
		B1F0E51F260615FF007BD93D /* DesignCode3rd */ = {
			isa = PBXGroup;
			children = (
				B1F0E520260615FF007BD93D /* DesignCode3rdApp.swift */,
				B1F0E522260615FF007BD93D /* ContentView.swift */,
				B1B8249326075B770020275C /* CourseStore.swift */,
				B1F0E5492606F54A007BD93D /* Modifiers.swift */,
				B1F0E53326063FE5007BD93D /* Home.swift */,
				B1F0E5362606468A007BD93D /* HomeView.swift */,
				B1B824B12608DE970020275C /* LoginView.swift */,
				B1B824CB2608F5310020275C /* SuccessView.swift */,
				B1B824C52608F1E60020275C /* LottieView.swift */,
				B1B824C82608F3800020275C /* LoadingView.swift */,
				B1423D96260711A4000C4E73 /* CourseList.swift */,
				B1B824AE2608C45E0020275C /* Buttons.swift */,
				B1B824AA260770A80020275C /* BlurView.swift */,
				B188F7CC26073AF900B46FDA /* Data.swift */,
				B188F7CF26073CD700B46FDA /* PostList.swift */,
				B188F7D22607439C00B46FDA /* DataStore.swift */,
				B188F7C92607337F00B46FDA /* CourseDetail.swift */,
				B1F0E530260637E7007BD93D /* MenuView.swift */,
				B1F0E545260662F9007BD93D /* RingView.swift */,
				B1F0E54226065F91007BD93D /* TabBar.swift */,
				B1F0E539260653E2007BD93D /* UpdateList.swift */,
				B1F0E53F26065B8F007BD93D /* UpdateStore.swift */,
				B1F0E53C260657C8007BD93D /* UpdateDetail.swift */,
				B1F0E52426061600007BD93D /* Assets.xcassets */,
				B1423D672606F94E000C4E73 /* Work_Sans */,
				B1B824BB2608F0E90020275C /* Lottie */,
				B1B824CE260A1BDE0020275C /* GoogleService-Info.plist */,
				B1F0E52926061600007BD93D /* Info.plist */,
				B1F0E52626061600007BD93D /* Preview Content */,
			);
			path = DesignCode3rd;
			sourceTree = "<group>";
		};
		B1F0E52626061600007BD93D /* Preview Content */ = {
			isa = PBXGroup;
			children = (
				B1F0E52726061600007BD93D /* Preview Assets.xcassets */,
			);
			path = "Preview Content";
			sourceTree = "<group>";
		};
		CF34A0FA452F895C3F090E0F /* Pods */ = {
			isa = PBXGroup;
			children = (
				5C6F4F414D4EAEC929101996 /* Pods-DesignCode3rd.debug.xcconfig */,
				AB5AB9628240FB6F610B579E /* Pods-DesignCode3rd.release.xcconfig */,
			);
			path = Pods;
			sourceTree = "<group>";
		};
/* End PBXGroup section */

/* Begin PBXNativeTarget section */
		B1F0E51C260615FF007BD93D /* DesignCode3rd */ = {
			isa = PBXNativeTarget;
			buildConfigurationList = B1F0E52C26061600007BD93D /* Build configuration list for PBXNativeTarget "DesignCode3rd" */;
			buildPhases = (
				BF92616EC4B3412BBD639AED /* [CP] Check Pods Manifest.lock */,
				B1F0E519260615FF007BD93D /* Sources */,
				B1F0E51A260615FF007BD93D /* Frameworks */,
				B1F0E51B260615FF007BD93D /* Resources */,
				B850E7D16E92372EA711EAE7 /* [CP] Embed Pods Frameworks */,
			);
			buildRules = (
			);
			dependencies = (
			);
			name = DesignCode3rd;
			packageProductDependencies = (
				B1B82489260752D00020275C /* Contentful */,
				B1B824A5260767930020275C /* URLImage */,
				B1B824C22608F1870020275C /* Lottie */,
			);
			productName = DesignCode3rd;
			productReference = B1F0E51D260615FF007BD93D /* DesignCode3rd.app */;
			productType = "com.apple.product-type.application";
		};
/* End PBXNativeTarget section */

/* Begin PBXProject section */
		B1F0E515260615FF007BD93D /* Project object */ = {
			isa = PBXProject;
			attributes = {
				LastSwiftUpdateCheck = 1240;
				LastUpgradeCheck = 1240;
				TargetAttributes = {
					B1F0E51C260615FF007BD93D = {
						CreatedOnToolsVersion = 12.4;
					};
				};
			};
			buildConfigurationList = B1F0E518260615FF007BD93D /* Build configuration list for PBXProject "DesignCode3rd" */;
			compatibilityVersion = "Xcode 9.3";
			developmentRegion = en;
			hasScannedForEncodings = 0;
			knownRegions = (
				en,
				Base,
			);
			mainGroup = B1F0E514260615FF007BD93D;
			packageReferences = (
				B1B82488260752D00020275C /* XCRemoteSwiftPackageReference "contentful" */,
				B1B824A4260767930020275C /* XCRemoteSwiftPackageReference "url-image" */,
				B1B824C12608F1870020275C /* XCRemoteSwiftPackageReference "lottie-ios" */,
			);
			productRefGroup = B1F0E51E260615FF007BD93D /* Products */;
			projectDirPath = "";
			projectRoot = "";
			targets = (
				B1F0E51C260615FF007BD93D /* DesignCode3rd */,
			);
		};
/* End PBXProject section */

/* Begin PBXResourcesBuildPhase section */
		B1F0E51B260615FF007BD93D /* Resources */ = {
			isa = PBXResourcesBuildPhase;
			buildActionMask = 2147483647;
			files = (
				B1423D8F2606F94E000C4E73 /* WorkSans-LightItalic.ttf in Resources */,
				B1F0E52826061600007BD93D /* Preview Assets.xcassets in Resources */,
				B1423D852606F94E000C4E73 /* WorkSans-BoldItalic.ttf in Resources */,
				B1B824BF2608F0E90020275C /* success.json in Resources */,
				B1423D872606F94E000C4E73 /* WorkSans-ThinItalic.ttf in Resources */,
				B1423D842606F94E000C4E73 /* WorkSans-MediumItalic.ttf in Resources */,
				B1423D882606F94E000C4E73 /* WorkSans-ExtraLightItalic.ttf in Resources */,
				B1F0E52526061600007BD93D /* Assets.xcassets in Resources */,
				B1423D832606F94E000C4E73 /* WorkSans-SemiBoldItalic.ttf in Resources */,
				B1423D902606F94E000C4E73 /* WorkSans-ExtraBoldItalic.ttf in Resources */,
				B1B824BE2608F0E90020275C /* loading.json in Resources */,
				B1B824CF260A1BDF0020275C /* GoogleService-Info.plist in Resources */,
				B1423D7F2606F94E000C4E73 /* WorkSans-VariableFont_wght.ttf in Resources */,
				B1423D8D2606F94E000C4E73 /* WorkSans-Thin.ttf in Resources */,
				B1423D862606F94E000C4E73 /* WorkSans-ExtraLight.ttf in Resources */,
				B1423D932606F94E000C4E73 /* OFL.txt in Resources */,
				B1423D8A2606F94E000C4E73 /* WorkSans-SemiBold.ttf in Resources */,
				B1423D802606F94E000C4E73 /* WorkSans-Regular.ttf in Resources */,
				B1423D8E2606F94E000C4E73 /* WorkSans-Black.ttf in Resources */,
				B1423D822606F94E000C4E73 /* WorkSans-ExtraBold.ttf in Resources */,
				B1423D8C2606F94E000C4E73 /* WorkSans-BlackItalic.ttf in Resources */,
				B1423D922606F94E000C4E73 /* WorkSans-Italic-VariableFont_wght.ttf in Resources */,
				B1423D892606F94E000C4E73 /* WorkSans-Medium.ttf in Resources */,
				B1423D8B2606F94E000C4E73 /* WorkSans-Italic.ttf in Resources */,
				B1423D812606F94E000C4E73 /* WorkSans-Light.ttf in Resources */,
				B1423D942606F94E000C4E73 /* README.txt in Resources */,
				B1423D912606F94E000C4E73 /* WorkSans-Bold.ttf in Resources */,
			);
			runOnlyForDeploymentPostprocessing = 0;
		};
/* End PBXResourcesBuildPhase section */

/* Begin PBXShellScriptBuildPhase section */
		B850E7D16E92372EA711EAE7 /* [CP] Embed Pods Frameworks */ = {
			isa = PBXShellScriptBuildPhase;
			buildActionMask = 2147483647;
			files = (
			);
			inputFileListPaths = (
				"${PODS_ROOT}/Target Support Files/Pods-DesignCode3rd/Pods-DesignCode3rd-frameworks-${CONFIGURATION}-input-files.xcfilelist",
			);
			name = "[CP] Embed Pods Frameworks";
			outputFileListPaths = (
				"${PODS_ROOT}/Target Support Files/Pods-DesignCode3rd/Pods-DesignCode3rd-frameworks-${CONFIGURATION}-output-files.xcfilelist",
			);
			runOnlyForDeploymentPostprocessing = 0;
			shellPath = /bin/sh;
			shellScript = "\"${PODS_ROOT}/Target Support Files/Pods-DesignCode3rd/Pods-DesignCode3rd-frameworks.sh\"\n";
			showEnvVarsInLog = 0;
		};
		BF92616EC4B3412BBD639AED /* [CP] Check Pods Manifest.lock */ = {
			isa = PBXShellScriptBuildPhase;
			buildActionMask = 2147483647;
			files = (
			);
			inputFileListPaths = (
			);
			inputPaths = (
				"${PODS_PODFILE_DIR_PATH}/Podfile.lock",
				"${PODS_ROOT}/Manifest.lock",
			);
			name = "[CP] Check Pods Manifest.lock";
			outputFileListPaths = (
			);
			outputPaths = (
				"$(DERIVED_FILE_DIR)/Pods-DesignCode3rd-checkManifestLockResult.txt",
			);
			runOnlyForDeploymentPostprocessing = 0;
			shellPath = /bin/sh;
			shellScript = "diff \"${PODS_PODFILE_DIR_PATH}/Podfile.lock\" \"${PODS_ROOT}/Manifest.lock\" > /dev/null\nif [ $? != 0 ] ; then\n    # print error to STDERR\n    echo \"error: The sandbox is not in sync with the Podfile.lock. Run 'pod install' or update your CocoaPods installation.\" >&2\n    exit 1\nfi\n# This output is used by Xcode 'outputs' to avoid re-running this script phase.\necho \"SUCCESS\" > \"${SCRIPT_OUTPUT_FILE_0}\"\n";
			showEnvVarsInLog = 0;
		};
/* End PBXShellScriptBuildPhase section */

/* Begin PBXSourcesBuildPhase section */
		B1F0E519260615FF007BD93D /* Sources */ = {
			isa = PBXSourcesBuildPhase;
			buildActionMask = 2147483647;
			files = (
				B1F0E546260662F9007BD93D /* RingView.swift in Sources */,
				B188F7D32607439C00B46FDA /* DataStore.swift in Sources */,
				B188F7D026073CD700B46FDA /* PostList.swift in Sources */,
				B1B824C92608F3800020275C /* LoadingView.swift in Sources */,
				B1F0E54A2606F54A007BD93D /* Modifiers.swift in Sources */,
				B1F0E54326065F91007BD93D /* TabBar.swift in Sources */,
				B1B824AB260770A80020275C /* BlurView.swift in Sources */,
				B1F0E53D260657C8007BD93D /* UpdateDetail.swift in Sources */,
				B1423D97260711A4000C4E73 /* CourseList.swift in Sources */,
				B1B8249426075B770020275C /* CourseStore.swift in Sources */,
				B1F0E523260615FF007BD93D /* ContentView.swift in Sources */,
				B1F0E531260637E7007BD93D /* MenuView.swift in Sources */,
				B1B824C62608F1E60020275C /* LottieView.swift in Sources */,
				B188F7CD26073AF900B46FDA /* Data.swift in Sources */,
				B1F0E53A260653E2007BD93D /* UpdateList.swift in Sources */,
				B1F0E54026065B8F007BD93D /* UpdateStore.swift in Sources */,
				B1F0E53426063FE5007BD93D /* Home.swift in Sources */,
				B188F7CA2607337F00B46FDA /* CourseDetail.swift in Sources */,
				B1B824AF2608C45E0020275C /* Buttons.swift in Sources */,
				B1F0E5372606468A007BD93D /* HomeView.swift in Sources */,
				B1B824CC2608F5320020275C /* SuccessView.swift in Sources */,
				B1B824B22608DE970020275C /* LoginView.swift in Sources */,
				B1F0E521260615FF007BD93D /* DesignCode3rdApp.swift in Sources */,
			);
			runOnlyForDeploymentPostprocessing = 0;
		};
/* End PBXSourcesBuildPhase section */

/* Begin XCBuildConfiguration section */
		B1F0E52A26061600007BD93D /* Debug */ = {
			isa = XCBuildConfiguration;
			buildSettings = {
				ALWAYS_SEARCH_USER_PATHS = NO;
				CLANG_ANALYZER_NONNULL = YES;
				CLANG_ANALYZER_NUMBER_OBJECT_CONVERSION = YES_AGGRESSIVE;
				CLANG_CXX_LANGUAGE_STANDARD = "gnu++14";
				CLANG_CXX_LIBRARY = "libc++";
				CLANG_ENABLE_MODULES = YES;
				CLANG_ENABLE_OBJC_ARC = YES;
				CLANG_ENABLE_OBJC_WEAK = YES;
				CLANG_WARN_BLOCK_CAPTURE_AUTORELEASING = YES;
				CLANG_WARN_BOOL_CONVERSION = YES;
				CLANG_WARN_COMMA = YES;
				CLANG_WARN_CONSTANT_CONVERSION = YES;
				CLANG_WARN_DEPRECATED_OBJC_IMPLEMENTATIONS = YES;
				CLANG_WARN_DIRECT_OBJC_ISA_USAGE = YES_ERROR;
				CLANG_WARN_DOCUMENTATION_COMMENTS = YES;
				CLANG_WARN_EMPTY_BODY = YES;
				CLANG_WARN_ENUM_CONVERSION = YES;
				CLANG_WARN_INFINITE_RECURSION = YES;
				CLANG_WARN_INT_CONVERSION = YES;
				CLANG_WARN_NON_LITERAL_NULL_CONVERSION = YES;
				CLANG_WARN_OBJC_IMPLICIT_RETAIN_SELF = YES;
				CLANG_WARN_OBJC_LITERAL_CONVERSION = YES;
				CLANG_WARN_OBJC_ROOT_CLASS = YES_ERROR;
				CLANG_WARN_QUOTED_INCLUDE_IN_FRAMEWORK_HEADER = YES;
				CLANG_WARN_RANGE_LOOP_ANALYSIS = YES;
				CLANG_WARN_STRICT_PROTOTYPES = YES;
				CLANG_WARN_SUSPICIOUS_MOVE = YES;
				CLANG_WARN_UNGUARDED_AVAILABILITY = YES_AGGRESSIVE;
				CLANG_WARN_UNREACHABLE_CODE = YES;
				CLANG_WARN__DUPLICATE_METHOD_MATCH = YES;
				COPY_PHASE_STRIP = NO;
				DEBUG_INFORMATION_FORMAT = dwarf;
				ENABLE_STRICT_OBJC_MSGSEND = YES;
				ENABLE_TESTABILITY = YES;
				GCC_C_LANGUAGE_STANDARD = gnu11;
				GCC_DYNAMIC_NO_PIC = NO;
				GCC_NO_COMMON_BLOCKS = YES;
				GCC_OPTIMIZATION_LEVEL = 0;
				GCC_PREPROCESSOR_DEFINITIONS = (
					"DEBUG=1",
					"$(inherited)",
				);
				GCC_WARN_64_TO_32_BIT_CONVERSION = YES;
				GCC_WARN_ABOUT_RETURN_TYPE = YES_ERROR;
				GCC_WARN_UNDECLARED_SELECTOR = YES;
				GCC_WARN_UNINITIALIZED_AUTOS = YES_AGGRESSIVE;
				GCC_WARN_UNUSED_FUNCTION = YES;
				GCC_WARN_UNUSED_VARIABLE = YES;
				IPHONEOS_DEPLOYMENT_TARGET = 14.4;
				MTL_ENABLE_DEBUG_INFO = INCLUDE_SOURCE;
				MTL_FAST_MATH = YES;
				ONLY_ACTIVE_ARCH = YES;
				SDKROOT = iphoneos;
				SWIFT_ACTIVE_COMPILATION_CONDITIONS = DEBUG;
				SWIFT_OPTIMIZATION_LEVEL = "-Onone";
			};
			name = Debug;
		};
		B1F0E52B26061600007BD93D /* Release */ = {
			isa = XCBuildConfiguration;
			buildSettings = {
				ALWAYS_SEARCH_USER_PATHS = NO;
				CLANG_ANALYZER_NONNULL = YES;
				CLANG_ANALYZER_NUMBER_OBJECT_CONVERSION = YES_AGGRESSIVE;
				CLANG_CXX_LANGUAGE_STANDARD = "gnu++14";
				CLANG_CXX_LIBRARY = "libc++";
				CLANG_ENABLE_MODULES = YES;
				CLANG_ENABLE_OBJC_ARC = YES;
				CLANG_ENABLE_OBJC_WEAK = YES;
				CLANG_WARN_BLOCK_CAPTURE_AUTORELEASING = YES;
				CLANG_WARN_BOOL_CONVERSION = YES;
				CLANG_WARN_COMMA = YES;
				CLANG_WARN_CONSTANT_CONVERSION = YES;
				CLANG_WARN_DEPRECATED_OBJC_IMPLEMENTATIONS = YES;
				CLANG_WARN_DIRECT_OBJC_ISA_USAGE = YES_ERROR;
				CLANG_WARN_DOCUMENTATION_COMMENTS = YES;
				CLANG_WARN_EMPTY_BODY = YES;
				CLANG_WARN_ENUM_CONVERSION = YES;
				CLANG_WARN_INFINITE_RECURSION = YES;
				CLANG_WARN_INT_CONVERSION = YES;
				CLANG_WARN_NON_LITERAL_NULL_CONVERSION = YES;
				CLANG_WARN_OBJC_IMPLICIT_RETAIN_SELF = YES;
				CLANG_WARN_OBJC_LITERAL_CONVERSION = YES;
				CLANG_WARN_OBJC_ROOT_CLASS = YES_ERROR;
				CLANG_WARN_QUOTED_INCLUDE_IN_FRAMEWORK_HEADER = YES;
				CLANG_WARN_RANGE_LOOP_ANALYSIS = YES;
				CLANG_WARN_STRICT_PROTOTYPES = YES;
				CLANG_WARN_SUSPICIOUS_MOVE = YES;
				CLANG_WARN_UNGUARDED_AVAILABILITY = YES_AGGRESSIVE;
				CLANG_WARN_UNREACHABLE_CODE = YES;
				CLANG_WARN__DUPLICATE_METHOD_MATCH = YES;
				COPY_PHASE_STRIP = NO;
				DEBUG_INFORMATION_FORMAT = "dwarf-with-dsym";
				ENABLE_NS_ASSERTIONS = NO;
				ENABLE_STRICT_OBJC_MSGSEND = YES;
				GCC_C_LANGUAGE_STANDARD = gnu11;
				GCC_NO_COMMON_BLOCKS = YES;
				GCC_WARN_64_TO_32_BIT_CONVERSION = YES;
				GCC_WARN_ABOUT_RETURN_TYPE = YES_ERROR;
				GCC_WARN_UNDECLARED_SELECTOR = YES;
				GCC_WARN_UNINITIALIZED_AUTOS = YES_AGGRESSIVE;
				GCC_WARN_UNUSED_FUNCTION = YES;
				GCC_WARN_UNUSED_VARIABLE = YES;
				IPHONEOS_DEPLOYMENT_TARGET = 14.4;
				MTL_ENABLE_DEBUG_INFO = NO;
				MTL_FAST_MATH = YES;
				SDKROOT = iphoneos;
				SWIFT_COMPILATION_MODE = wholemodule;
				SWIFT_OPTIMIZATION_LEVEL = "-O";
				VALIDATE_PRODUCT = YES;
			};
			name = Release;
		};
		B1F0E52D26061600007BD93D /* Debug */ = {
			isa = XCBuildConfiguration;
			baseConfigurationReference = 5C6F4F414D4EAEC929101996 /* Pods-DesignCode3rd.debug.xcconfig */;
			buildSettings = {
				ASSETCATALOG_COMPILER_APPICON_NAME = AppIcon;
				ASSETCATALOG_COMPILER_GLOBAL_ACCENT_COLOR_NAME = AccentColor;
				CODE_SIGN_STYLE = Automatic;
				DEVELOPMENT_ASSET_PATHS = "\"DesignCode3rd/Preview Content\"";
				DEVELOPMENT_TEAM = AQB8UZHYD8;
				ENABLE_PREVIEWS = YES;
				INFOPLIST_FILE = DesignCode3rd/Info.plist;
				IPHONEOS_DEPLOYMENT_TARGET = 14.0;
				LD_RUNPATH_SEARCH_PATHS = (
					"$(inherited)",
					"@executable_path/Frameworks",
				);
				PRODUCT_BUNDLE_IDENTIFIER = com.tonghs.DesignCode3rd;
				PRODUCT_NAME = "$(TARGET_NAME)";
				SWIFT_VERSION = 5.0;
				TARGETED_DEVICE_FAMILY = "1,2";
			};
			name = Debug;
		};
		B1F0E52E26061600007BD93D /* Release */ = {
			isa = XCBuildConfiguration;
			baseConfigurationReference = AB5AB9628240FB6F610B579E /* Pods-DesignCode3rd.release.xcconfig */;
			buildSettings = {
				ASSETCATALOG_COMPILER_APPICON_NAME = AppIcon;
				ASSETCATALOG_COMPILER_GLOBAL_ACCENT_COLOR_NAME = AccentColor;
				CODE_SIGN_STYLE = Automatic;
				DEVELOPMENT_ASSET_PATHS = "\"DesignCode3rd/Preview Content\"";
				DEVELOPMENT_TEAM = AQB8UZHYD8;
				ENABLE_PREVIEWS = YES;
				INFOPLIST_FILE = DesignCode3rd/Info.plist;
				IPHONEOS_DEPLOYMENT_TARGET = 14.0;
				LD_RUNPATH_SEARCH_PATHS = (
					"$(inherited)",
					"@executable_path/Frameworks",
				);
				PRODUCT_BUNDLE_IDENTIFIER = com.tonghs.DesignCode3rd;
				PRODUCT_NAME = "$(TARGET_NAME)";
				SWIFT_VERSION = 5.0;
				TARGETED_DEVICE_FAMILY = "1,2";
			};
			name = Release;
		};
/* End XCBuildConfiguration section */

/* Begin XCConfigurationList section */
		B1F0E518260615FF007BD93D /* Build configuration list for PBXProject "DesignCode3rd" */ = {
			isa = XCConfigurationList;
			buildConfigurations = (
				B1F0E52A26061600007BD93D /* Debug */,
				B1F0E52B26061600007BD93D /* Release */,
			);
			defaultConfigurationIsVisible = 0;
			defaultConfigurationName = Release;
		};
		B1F0E52C26061600007BD93D /* Build configuration list for PBXNativeTarget "DesignCode3rd" */ = {
			isa = XCConfigurationList;
			buildConfigurations = (
				B1F0E52D26061600007BD93D /* Debug */,
				B1F0E52E26061600007BD93D /* Release */,
			);
			defaultConfigurationIsVisible = 0;
			defaultConfigurationName = Release;
		};
/* End XCConfigurationList section */

/* Begin XCRemoteSwiftPackageReference section */
		B1B82488260752D00020275C /* XCRemoteSwiftPackageReference "contentful" */ = {
			isa = XCRemoteSwiftPackageReference;
			repositoryURL = "https://gitee.com/doubleZ0108/contentful.swift";
			requirement = {
				kind = upToNextMajorVersion;
				minimumVersion = 5.0.7;
			};
		};
		B1B824A4260767930020275C /* XCRemoteSwiftPackageReference "url-image" */ = {
			isa = XCRemoteSwiftPackageReference;
			repositoryURL = "https://gitee.com/tonghs/url-image";
			requirement = {
				kind = upToNextMajorVersion;
				minimumVersion = 2.2.3;
			};
		};
		B1B824C12608F1870020275C /* XCRemoteSwiftPackageReference "lottie-ios" */ = {
			isa = XCRemoteSwiftPackageReference;
			repositoryURL = "https://gitee.com/tonghs/lottie-ios";
			requirement = {
				kind = upToNextMajorVersion;
				minimumVersion = 3.2.1;
			};
		};
/* End XCRemoteSwiftPackageReference section */

/* Begin XCSwiftPackageProductDependency section */
		B1B82489260752D00020275C /* Contentful */ = {
			isa = XCSwiftPackageProductDependency;
			package = B1B82488260752D00020275C /* XCRemoteSwiftPackageReference "contentful" */;
			productName = Contentful;
		};
		B1B824A5260767930020275C /* URLImage */ = {
			isa = XCSwiftPackageProductDependency;
			package = B1B824A4260767930020275C /* XCRemoteSwiftPackageReference "url-image" */;
			productName = URLImage;
		};
		B1B824C22608F1870020275C /* Lottie */ = {
			isa = XCSwiftPackageProductDependency;
			package = B1B824C12608F1870020275C /* XCRemoteSwiftPackageReference "lottie-ios" */;
			productName = Lottie;
		};
/* End XCSwiftPackageProductDependency section */
	};
	rootObject = B1F0E515260615FF007BD93D /* Project object */;
}
